
Microsoft Visual Studio Solution File, Format Version 12.00
# Visual Studio Version 17
VisualStudioVersion = 17.6.33723.286
MinimumVisualStudioVersion = 10.0.40219.1
Project("{9A19103F-16F7-4668-BE54-9A1E7A4F7556}") = "Projektgrupp4", "Projektgrupp4\Projektgrupp4.csproj", "{BA78699E-212D-43B9-98CF-B8DEAB042AA6}"
EndProject
Global
	GlobalSection(SolutionConfigurationPlatforms) = preSolution
		Debug|Any CPU = Debug|Any CPU
		Release|Any CPU = Release|Any CPU
	EndGlobalSection
	GlobalSection(ProjectConfigurationPlatforms) = postSolution
		{BA78699E-212D-43B9-98CF-B8DEAB042AA6}.Debug|Any CPU.ActiveCfg = Debug|Any CPU
		{BA78699E-212D-43B9-98CF-B8DEAB042AA6}.Debug|Any CPU.Build.0 = Debug|Any CPU
		{BA78699E-212D-43B9-98CF-B8DEAB042AA6}.Release|Any CPU.ActiveCfg = Release|Any CPU
		{BA78699E-212D-43B9-98CF-B8DEAB042AA6}.Release|Any CPU.Build.0 = Release|Any CPU
	EndGlobalSection
	GlobalSection(SolutionProperties) = preSolution
		HideSolutionNode = FALSE
	EndGlobalSection
	GlobalSection(ExtensibilityGlobals) = postSolution
		SolutionGuid = {550392E5-64BC-404C-8323-4436ACD2F474}
	EndGlobalSection
EndGlobal
